
Microsoft Visual Studio Solution File, Format Version 12.00
# Visual Studio Version 17
VisualStudioVersion = 17.6.33829.357
MinimumVisualStudioVersion = 10.0.40219.1
Project("{FAE04EC0-301F-11D3-BF4B-00C04F79EFBC}") = "ExceptionFiltering", "ExceptionFiltering.csproj", "{5A9D93DF-285B-4DE0-913B-BF7136095AA3}"
EndProject
Global
	GlobalSection(SolutionConfigurationPlatforms) = preSolution
		Debug|Any CPU = Debug|Any CPU
		Release|Any CPU = Release|Any CPU
	EndGlobalSection
	GlobalSection(ProjectConfigurationPlatforms) = postSolution
		{5A9D93DF-285B-4DE0-913B-BF7136095AA3}.Debug|Any CPU.ActiveCfg = Debug|Any CPU
		{5A9D93DF-285B-4DE0-913B-BF7136095AA3}.Debug|Any CPU.Build.0 = Debug|Any CPU
		{5A9D93DF-285B-4DE0-913B-BF7136095AA3}.Release|Any CPU.ActiveCfg = Release|Any CPU
		{5A9D93DF-285B-4DE0-913B-BF7136095AA3}.Release|Any CPU.Build.0 = Release|Any CPU
	EndGlobalSection
	GlobalSection(SolutionProperties) = preSolution
		HideSolutionNode = FALSE
	EndGlobalSection
	GlobalSection(ExtensibilityGlobals) = postSolution
		SolutionGuid = {C5971B35-9304-46CF-B652-1174E0E3F9B7}
	EndGlobalSection
EndGlobal
