
Microsoft Visual Studio Solution File, Format Version 12.00
# Visual Studio Version 17
VisualStudioVersion = 17.6.33829.357
MinimumVisualStudioVersion = 10.0.40219.1
Project("{FAE04EC0-301F-11D3-BF4B-00C04F79EFBC}") = "Attributes", "Attributes.csproj", "{7958136A-9524-41E0-85C0-EF27C5E4266E}"
EndProject
Global
	GlobalSection(SolutionConfigurationPlatforms) = preSolution
		Debug|Any CPU = Debug|Any CPU
		Release|Any CPU = Release|Any CPU
	EndGlobalSection
	GlobalSection(ProjectConfigurationPlatforms) = postSolution
		{7958136A-9524-41E0-85C0-EF27C5E4266E}.Debug|Any CPU.ActiveCfg = Debug|Any CPU
		{7958136A-9524-41E0-85C0-EF27C5E4266E}.Debug|Any CPU.Build.0 = Debug|Any CPU
		{7958136A-9524-41E0-85C0-EF27C5E4266E}.Release|Any CPU.ActiveCfg = Release|Any CPU
		{7958136A-9524-41E0-85C0-EF27C5E4266E}.Release|Any CPU.Build.0 = Release|Any CPU
	EndGlobalSection
	GlobalSection(SolutionProperties) = preSolution
		HideSolutionNode = FALSE
	EndGlobalSection
	GlobalSection(ExtensibilityGlobals) = postSolution
		SolutionGuid = {E3EAA651-6B9C-4E45-8572-7556188226BE}
	EndGlobalSection
EndGlobal
